
Microsoft Visual Studio Solution File, Format Version 12.00
# Visual Studio Version 17
VisualStudioVersion = 17.9.34728.123
MinimumVisualStudioVersion = 10.0.40219.1
Project("{FAE04EC0-301F-11D3-BF4B-00C04F79EFBC}") = "NsUserManager", "NsUserManager\NsUserManager.csproj", "{3AFD5F52-6137-44A1-ABB6-662E42CA5671}"
EndProject
Global
	GlobalSection(SolutionConfigurationPlatforms) = preSolution
		Debug|Any CPU = Debug|Any CPU
		Release|Any CPU = Release|Any CPU
	EndGlobalSection
	GlobalSection(ProjectConfigurationPlatforms) = postSolution
		{3AFD5F52-6137-44A1-ABB6-662E42CA5671}.Debug|Any CPU.ActiveCfg = Debug|Any CPU
		{3AFD5F52-6137-44A1-ABB6-662E42CA5671}.Debug|Any CPU.Build.0 = Debug|Any CPU
		{3AFD5F52-6137-44A1-ABB6-662E42CA5671}.Release|Any CPU.ActiveCfg = Release|Any CPU
		{3AFD5F52-6137-44A1-ABB6-662E42CA5671}.Release|Any CPU.Build.0 = Release|Any CPU
	EndGlobalSection
	GlobalSection(SolutionProperties) = preSolution
		HideSolutionNode = FALSE
	EndGlobalSection
	GlobalSection(ExtensibilityGlobals) = postSolution
		SolutionGuid = {B43E71A2-A0AD-4522-9B9B-9BD1FCBE8F7D}
	EndGlobalSection
EndGlobal
